Microsoft Visual Studio Solution File, Format Version 8.00
Project("{8BC9CEB8-8B4A-11D0-8D11-00A0C91BC942}") = "plaunch", "plaunch.vcproj", "{DBA909D6-49E1-4550-9912-5C20FB7030D3}"
	ProjectSection(ProjectDependencies) = postProject
	EndProjectSection
EndProject
Project("{8BC9CEB8-8B4A-11D0-8D11-00A0C91BC942}") = "psync", "psync.vcproj", "{4B6D35B2-05B3-4C86-8A92-BA3A573B1497}"
	ProjectSection(ProjectDependencies) = postProject
	EndProjectSection
EndProject
Global
	GlobalSection(SolutionConfiguration) = preSolution
		Debug = Debug
		Release = Release
	EndGlobalSection
	GlobalSection(ProjectConfiguration) = postSolution
		{DBA909D6-49E1-4550-9912-5C20FB7030D3}.Debug.ActiveCfg = Debug|Win32
		{DBA909D6-49E1-4550-9912-5C20FB7030D3}.Debug.Build.0 = Debug|Win32
		{DBA909D6-49E1-4550-9912-5C20FB7030D3}.Release.ActiveCfg = Release|Win32
		{DBA909D6-49E1-4550-9912-5C20FB7030D3}.Release.Build.0 = Release|Win32
		{4B6D35B2-05B3-4C86-8A92-BA3A573B1497}.Debug.ActiveCfg = Debug|Win32
		{4B6D35B2-05B3-4C86-8A92-BA3A573B1497}.Debug.Build.0 = Debug|Win32
		{4B6D35B2-05B3-4C86-8A92-BA3A573B1497}.Release.ActiveCfg = Release|Win32
		{4B6D35B2-05B3-4C86-8A92-BA3A573B1497}.Release.Build.0 = Release|Win32
	EndGlobalSection
	GlobalSection(ExtensibilityGlobals) = postSolution
	EndGlobalSection
	GlobalSection(ExtensibilityAddIns) = postSolution
	EndGlobalSection
EndGlobal
